{
    "name": "postgresql",
    "lockfileVersion": 3,
    "requires": true,
    "packages": {
        "": {
            "devDependencies": {
                "@types/sequelize": "^4.28.14"
            }
        },
        "node_modules/@types/bluebird": {
            "version": "3.5.38",
            "resolved": "https://registry.npmjs.org/@types/bluebird/-/bluebird-3.5.38.tgz",
            "integrity": "sha512-yR/Kxc0dd4FfwtEoLZMoqJbM/VE/W7hXn/MIjb+axcwag0iFmSPK7OBUZq1YWLynJUoWQkfUrI7T0HDqGApNSg==",
            "dev": true
        },
        "node_modules/@types/continuation-local-storage": {
            "version": "3.2.4",
            "resolved": "https://registry.npmjs.org/@types/continuation-local-storage/-/continuation-local-storage-3.2.4.tgz",
            "integrity": "sha512-OT32vCVMymU1JMPKDeY0lX3cduAr0Pm/VwIbxygMeDS4lRcv57qYXn9bMwBRcRnEpXKBb/r4xYaZCARTZllP0A==",
            "dev": true,
            "dependencies": {
                "@types/node": "*"
            }
        },
        "node_modules/@types/lodash": {
            "version": "4.14.191",
            "resolved": "https://registry.npmjs.org/@types/lodash/-/lodash-4.14.191.tgz",
            "integrity": "sha512-BdZ5BCCvho3EIXw6wUCXHe7rS53AIDPLE+JzwgT+OsJk53oBfbSmZZ7CX4VaRoN78N+TJpFi9QPlfIVNmJYWxQ==",
            "dev": true
        },
        "node_modules/@types/node": {
            "version": "18.15.5",
            "resolved": "https://registry.npmjs.org/@types/node/-/node-18.15.5.tgz",
            "integrity": "sha512-Ark2WDjjZO7GmvsyFFf81MXuGTA/d6oP38anyxWOL6EREyBKAxKoFHwBhaZxCfLRLpO8JgVXwqOwSwa7jRcjew==",
            "dev": true
        },
        "node_modules/@types/sequelize": {
            "version": "4.28.14",
            "resolved": "https://registry.npmjs.org/@types/sequelize/-/sequelize-4.28.14.tgz",
            "integrity": "sha512-O8lTJ8YPVVaoY9xjduchDlo0MOS3w262pro2H1QMuFIo/kc/p1elP/UxLOTP2wcVO2cFd6Gvghg9ZSAiJi0GLA==",
            "dev": true,
            "dependencies": {
                "@types/bluebird": "*",
                "@types/continuation-local-storage": "*",
                "@types/lodash": "*",
                "@types/validator": "*"
            }
        },
        "node_modules/@types/validator": {
            "version": "13.7.14",
            "resolved": "https://registry.npmjs.org/@types/validator/-/validator-13.7.14.tgz",
            "integrity": "sha512-J6OAed6rhN6zyqL9Of6ZMamhlsOEU/poBVvbHr/dKOYKTeuYYMlDkMv+b6UUV0o2i0tw73cgyv/97WTWaUl0/g==",
            "dev": true
        }
    }
}
